
Microsoft Visual Studio Solution File, Format Version 12.00
# Visual Studio Version 17
VisualStudioVersion = 17.9.34728.123
MinimumVisualStudioVersion = 10.0.40219.1
Project("{FAE04EC0-301F-11D3-BF4B-00C04F79EFBC}") = "Laboratorio 2", "Laboratorio 2\Laboratorio 2.csproj", "{5A707BCD-ABA3-4B66-A4A9-BAA3563AFAE8}"
EndProject
Global
	GlobalSection(SolutionConfigurationPlatforms) = preSolution
		Debug|Any CPU = Debug|Any CPU
		Release|Any CPU = Release|Any CPU
	EndGlobalSection
	GlobalSection(ProjectConfigurationPlatforms) = postSolution
		{5A707BCD-ABA3-4B66-A4A9-BAA3563AFAE8}.Debug|Any CPU.ActiveCfg = Debug|Any CPU
		{5A707BCD-ABA3-4B66-A4A9-BAA3563AFAE8}.Debug|Any CPU.Build.0 = Debug|Any CPU
		{5A707BCD-ABA3-4B66-A4A9-BAA3563AFAE8}.Release|Any CPU.ActiveCfg = Release|Any CPU
		{5A707BCD-ABA3-4B66-A4A9-BAA3563AFAE8}.Release|Any CPU.Build.0 = Release|Any CPU
	EndGlobalSection
	GlobalSection(SolutionProperties) = preSolution
		HideSolutionNode = FALSE
	EndGlobalSection
	GlobalSection(ExtensibilityGlobals) = postSolution
		SolutionGuid = {F2B68B4D-B91B-4441-BD3A-5B1BCB6560F5}
	EndGlobalSection
EndGlobal
